
Microsoft Visual Studio Solution File, Format Version 12.00
# Visual Studio Version 17
VisualStudioVersion = 17.9.34622.214
MinimumVisualStudioVersion = 10.0.40219.1
Project("{FAE04EC0-301F-11D3-BF4B-00C04F79EFBC}") = "WebOopPrac_Api", "WebOopPrac_Api.csproj", "{95157974-FC93-4989-B5D0-9E03C632A09D}"
EndProject
Project("{FAE04EC0-301F-11D3-BF4B-00C04F79EFBC}") = "WebPracOop_Client", "..\WebPracOop_Client\WebPracOop_Client.csproj", "{AD2E4B5D-77CD-4E2E-B75C-DBE9EB11ACA5}"
EndProject
Global
	GlobalSection(SolutionConfigurationPlatforms) = preSolution
		Debug|Any CPU = Debug|Any CPU
		Release|Any CPU = Release|Any CPU
	EndGlobalSection
	GlobalSection(ProjectConfigurationPlatforms) = postSolution
		{95157974-FC93-4989-B5D0-9E03C632A09D}.Debug|Any CPU.ActiveCfg = Debug|Any CPU
		{95157974-FC93-4989-B5D0-9E03C632A09D}.Debug|Any CPU.Build.0 = Debug|Any CPU
		{95157974-FC93-4989-B5D0-9E03C632A09D}.Release|Any CPU.ActiveCfg = Release|Any CPU
		{95157974-FC93-4989-B5D0-9E03C632A09D}.Release|Any CPU.Build.0 = Release|Any CPU
		{AD2E4B5D-77CD-4E2E-B75C-DBE9EB11ACA5}.Debug|Any CPU.ActiveCfg = Debug|Any CPU
		{AD2E4B5D-77CD-4E2E-B75C-DBE9EB11ACA5}.Debug|Any CPU.Build.0 = Debug|Any CPU
		{AD2E4B5D-77CD-4E2E-B75C-DBE9EB11ACA5}.Release|Any CPU.ActiveCfg = Release|Any CPU
		{AD2E4B5D-77CD-4E2E-B75C-DBE9EB11ACA5}.Release|Any CPU.Build.0 = Release|Any CPU
	EndGlobalSection
	GlobalSection(SolutionProperties) = preSolution
		HideSolutionNode = FALSE
	EndGlobalSection
	GlobalSection(ExtensibilityGlobals) = postSolution
		SolutionGuid = {5E6BAE3A-56E1-4A5F-A4F6-D0B5C589936A}
	EndGlobalSection
EndGlobal
